// !$*UTF8*$!
{
	archiveVersion = 1;
	classes = {
	};
	objectVersion = 56;
	objects = {

/* Begin PBXBuildFile section */
		84108173296AB60E00724A0B /* SignUp.swift in Sources */ = {isa = PBXBuildFile; fileRef = 84108172296AB60E00724A0B /* SignUp.swift */; };
		84108175296ABB5600724A0B /* GroceryList.swift in Sources */ = {isa = PBXBuildFile; fileRef = 84108174296ABB5600724A0B /* GroceryList.swift */; };
		84108177296ABB9D00724A0B /* GroceryCell.swift in Sources */ = {isa = PBXBuildFile; fileRef = 84108176296ABB9D00724A0B /* GroceryCell.swift */; };
		84108179296AC4E900724A0B /* MemberCell.swift in Sources */ = {isa = PBXBuildFile; fileRef = 84108178296AC4E900724A0B /* MemberCell.swift */; };
		8410817B296AC50F00724A0B /* OnlineMember.swift in Sources */ = {isa = PBXBuildFile; fileRef = 8410817A296AC50F00724A0B /* OnlineMember.swift */; };
		84108182296AD95A00724A0B /* FirebaseAuth in Frameworks */ = {isa = PBXBuildFile; productRef = 84108181296AD95A00724A0B /* FirebaseAuth */; };
		84108184296AD95A00724A0B /* FirebaseDatabase in Frameworks */ = {isa = PBXBuildFile; productRef = 84108183296AD95A00724A0B /* FirebaseDatabase */; };
		84108186296B75FA00724A0B /* GoogleService-Info.plist in Resources */ = {isa = PBXBuildFile; fileRef = 84108185296B75FA00724A0B /* GoogleService-Info.plist */; };
		84108188296B80C800724A0B /* email+passValidation.swift in Sources */ = {isa = PBXBuildFile; fileRef = 84108187296B80C800724A0B /* email+passValidation.swift */; };
		8410818B296D2F7C00724A0B /* postServies.swift in Sources */ = {isa = PBXBuildFile; fileRef = 8410818A296D2F7C00724A0B /* postServies.swift */; };
		8410818F296D95B900724A0B /* onlineUsers.swift in Sources */ = {isa = PBXBuildFile; fileRef = 8410818E296D95B900724A0B /* onlineUsers.swift */; };
		84AD1BEF296AA33E0002BA04 /* AppDelegate.swift in Sources */ = {isa = PBXBuildFile; fileRef = 84AD1BEE296AA33E0002BA04 /* AppDelegate.swift */; };
		84AD1BF1296AA33E0002BA04 /* SceneDelegate.swift in Sources */ = {isa = PBXBuildFile; fileRef = 84AD1BF0296AA33E0002BA04 /* SceneDelegate.swift */; };
		84AD1BF3296AA33E0002BA04 /* ViewController.swift in Sources */ = {isa = PBXBuildFile; fileRef = 84AD1BF2296AA33E0002BA04 /* ViewController.swift */; };
		84AD1BF6296AA33E0002BA04 /* Main.storyboard in Resources */ = {isa = PBXBuildFile; fileRef = 84AD1BF4296AA33E0002BA04 /* Main.storyboard */; };
		84AD1BF8296AA33F0002BA04 /* Assets.xcassets in Resources */ = {isa = PBXBuildFile; fileRef = 84AD1BF7296AA33F0002BA04 /* Assets.xcassets */; };
		84AD1BFB296AA33F0002BA04 /* LaunchScreen.storyboard in Resources */ = {isa = PBXBuildFile; fileRef = 84AD1BF9296AA33F0002BA04 /* LaunchScreen.storyboard */; };
/* End PBXBuildFile section */

/* Begin PBXFileReference section */
		84108172296AB60E00724A0B /* SignUp.swift */ = {isa = PBXFileReference; lastKnownFileType = sourcecode.swift; path = SignUp.swift; sourceTree = "<group>"; };
		84108174296ABB5600724A0B /* GroceryList.swift */ = {isa = PBXFileReference; lastKnownFileType = sourcecode.swift; path = GroceryList.swift; sourceTree = "<group>"; };
		84108176296ABB9D00724A0B /* GroceryCell.swift */ = {isa = PBXFileReference; lastKnownFileType = sourcecode.swift; path = GroceryCell.swift; sourceTree = "<group>"; };
		84108178296AC4E900724A0B /* MemberCell.swift */ = {isa = PBXFileReference; lastKnownFileType = sourcecode.swift; path = MemberCell.swift; sourceTree = "<group>"; };
		8410817A296AC50F00724A0B /* OnlineMember.swift */ = {isa = PBXFileReference; lastKnownFileType = sourcecode.swift; path = OnlineMember.swift; sourceTree = "<group>"; };
		84108185296B75FA00724A0B /* GoogleService-Info.plist */ = {isa = PBXFileReference; fileEncoding = 4; lastKnownFileType = text.plist.xml; path = "GoogleService-Info.plist"; sourceTree = "<group>"; };
		84108187296B80C800724A0B /* email+passValidation.swift */ = {isa = PBXFileReference; lastKnownFileType = sourcecode.swift; path = "email+passValidation.swift"; sourceTree = "<group>"; };
		8410818A296D2F7C00724A0B /* postServies.swift */ = {isa = PBXFileReference; lastKnownFileType = sourcecode.swift; path = postServies.swift; sourceTree = "<group>"; };
		8410818E296D95B900724A0B /* onlineUsers.swift */ = {isa = PBXFileReference; lastKnownFileType = sourcecode.swift; path = onlineUsers.swift; sourceTree = "<group>"; };
		84AD1BEB296AA33E0002BA04 /* GroceryList.app */ = {isa = PBXFileReference; explicitFileType = wrapper.application; includeInIndex = 0; path = GroceryList.app; sourceTree = BUILT_PRODUCTS_DIR; };
		84AD1BEE296AA33E0002BA04 /* AppDelegate.swift */ = {isa = PBXFileReference; lastKnownFileType = sourcecode.swift; path = AppDelegate.swift; sourceTree = "<group>"; };
		84AD1BF0296AA33E0002BA04 /* SceneDelegate.swift */ = {isa = PBXFileReference; lastKnownFileType = sourcecode.swift; path = SceneDelegate.swift; sourceTree = "<group>"; };
		84AD1BF2296AA33E0002BA04 /* ViewController.swift */ = {isa = PBXFileReference; lastKnownFileType = sourcecode.swift; path = ViewController.swift; sourceTree = "<group>"; };
		84AD1BF5296AA33E0002BA04 /* Base */ = {isa = PBXFileReference; lastKnownFileType = file.storyboard; name = Base; path = Base.lproj/Main.storyboard; sourceTree = "<group>"; };
		84AD1BF7296AA33F0002BA04 /* Assets.xcassets */ = {isa = PBXFileReference; lastKnownFileType = folder.assetcatalog; path = Assets.xcassets; sourceTree = "<group>"; };
		84AD1BFA296AA33F0002BA04 /* Base */ = {isa = PBXFileReference; lastKnownFileType = file.storyboard; name = Base; path = Base.lproj/LaunchScreen.storyboard; sourceTree = "<group>"; };
		84AD1BFC296AA33F0002BA04 /* Info.plist */ = {isa = PBXFileReference; lastKnownFileType = text.plist.xml; path = Info.plist; sourceTree = "<group>"; };
/* End PBXFileReference section */

/* Begin PBXFrameworksBuildPhase section */
		84AD1BE8296AA33E0002BA04 /* Frameworks */ = {
			isa = PBXFrameworksBuildPhase;
			buildActionMask = 2147483647;
			files = (
				84108184296AD95A00724A0B /* FirebaseDatabase in Frameworks */,
				84108182296AD95A00724A0B /* FirebaseAuth in Frameworks */,
			);
			runOnlyForDeploymentPostprocessing = 0;
		};
/* End PBXFrameworksBuildPhase section */

/* Begin PBXGroup section */
		84108171296AB5E400724A0B /* Controller */ = {
			isa = PBXGroup;
			children = (
				84108172296AB60E00724A0B /* SignUp.swift */,
				84108174296ABB5600724A0B /* GroceryList.swift */,
				84108176296ABB9D00724A0B /* GroceryCell.swift */,
				84108178296AC4E900724A0B /* MemberCell.swift */,
				8410817A296AC50F00724A0B /* OnlineMember.swift */,
				84108187296B80C800724A0B /* email+passValidation.swift */,
			);
			path = Controller;
			sourceTree = "<group>";
		};
		84108189296D2F5100724A0B /* Model */ = {
			isa = PBXGroup;
			children = (
				8410818A296D2F7C00724A0B /* postServies.swift */,
				8410818E296D95B900724A0B /* onlineUsers.swift */,
			);
			path = Model;
			sourceTree = "<group>";
		};
		84AD1BE2296AA33D0002BA04 = {
			isa = PBXGroup;
			children = (
				84AD1BED296AA33E0002BA04 /* GroceryList */,
				84AD1BEC296AA33E0002BA04 /* Products */,
			);
			sourceTree = "<group>";
		};
		84AD1BEC296AA33E0002BA04 /* Products */ = {
			isa = PBXGroup;
			children = (
				84AD1BEB296AA33E0002BA04 /* GroceryList.app */,
			);
			name = Products;
			sourceTree = "<group>";
		};
		84AD1BED296AA33E0002BA04 /* GroceryList */ = {
			isa = PBXGroup;
			children = (
				84108189296D2F5100724A0B /* Model */,
				84108171296AB5E400724A0B /* Controller */,
				84AD1BEE296AA33E0002BA04 /* AppDelegate.swift */,
				84AD1BF0296AA33E0002BA04 /* SceneDelegate.swift */,
				84AD1BF2296AA33E0002BA04 /* ViewController.swift */,
				84AD1BF4296AA33E0002BA04 /* Main.storyboard */,
				84AD1BF7296AA33F0002BA04 /* Assets.xcassets */,
				84AD1BF9296AA33F0002BA04 /* LaunchScreen.storyboard */,
				84108185296B75FA00724A0B /* GoogleService-Info.plist */,
				84AD1BFC296AA33F0002BA04 /* Info.plist */,
			);
			path = GroceryList;
			sourceTree = "<group>";
		};
/* End PBXGroup section */

/* Begin PBXNativeTarget section */
		84AD1BEA296AA33E0002BA04 /* GroceryList */ = {
			isa = PBXNativeTarget;
			buildConfigurationList = 84AD1BFF296AA33F0002BA04 /* Build configuration list for PBXNativeTarget "GroceryList" */;
			buildPhases = (
				84AD1BE7296AA33E0002BA04 /* Sources */,
				84AD1BE8296AA33E0002BA04 /* Frameworks */,
				84AD1BE9296AA33E0002BA04 /* Resources */,
			);
			buildRules = (
			);
			dependencies = (
			);
			name = GroceryList;
			packageProductDependencies = (
				84108181296AD95A00724A0B /* FirebaseAuth */,
				84108183296AD95A00724A0B /* FirebaseDatabase */,
			);
			productName = GroceryList;
			productReference = 84AD1BEB296AA33E0002BA04 /* GroceryList.app */;
			productType = "com.apple.product-type.application";
		};
/* End PBXNativeTarget section */

/* Begin PBXProject section */
		84AD1BE3296AA33D0002BA04 /* Project object */ = {
			isa = PBXProject;
			attributes = {
				BuildIndependentTargetsInParallel = 1;
				LastSwiftUpdateCheck = 1420;
				LastUpgradeCheck = 1420;
				TargetAttributes = {
					84AD1BEA296AA33E0002BA04 = {
						CreatedOnToolsVersion = 14.2;
					};
				};
			};
			buildConfigurationList = 84AD1BE6296AA33D0002BA04 /* Build configuration list for PBXProject "GroceryList" */;
			compatibilityVersion = "Xcode 14.0";
			developmentRegion = en;
			hasScannedForEncodings = 0;
			knownRegions = (
				en,
				Base,
			);
			mainGroup = 84AD1BE2296AA33D0002BA04;
			packageReferences = (
				84108180296AD95A00724A0B /* XCRemoteSwiftPackageReference "firebase-ios-sdk" */,
			);
			productRefGroup = 84AD1BEC296AA33E0002BA04 /* Products */;
			projectDirPath = "";
			projectRoot = "";
			targets = (
				84AD1BEA296AA33E0002BA04 /* GroceryList */,
			);
		};
/* End PBXProject section */

/* Begin PBXResourcesBuildPhase section */
		84AD1BE9296AA33E0002BA04 /* Resources */ = {
			isa = PBXResourcesBuildPhase;
			buildActionMask = 2147483647;
			files = (
				84AD1BFB296AA33F0002BA04 /* LaunchScreen.storyboard in Resources */,
				84108186296B75FA00724A0B /* GoogleService-Info.plist in Resources */,
				84AD1BF8296AA33F0002BA04 /* Assets.xcassets in Resources */,
				84AD1BF6296AA33E0002BA04 /* Main.storyboard in Resources */,
			);
			runOnlyForDeploymentPostprocessing = 0;
		};
/* End PBXResourcesBuildPhase section */

/* Begin PBXSourcesBuildPhase section */
		84AD1BE7296AA33E0002BA04 /* Sources */ = {
			isa = PBXSourcesBuildPhase;
			buildActionMask = 2147483647;
			files = (
				8410818F296D95B900724A0B /* onlineUsers.swift in Sources */,
				84AD1BF3296AA33E0002BA04 /* ViewController.swift in Sources */,
				84108179296AC4E900724A0B /* MemberCell.swift in Sources */,
				8410817B296AC50F00724A0B /* OnlineMember.swift in Sources */,
				8410818B296D2F7C00724A0B /* postServies.swift in Sources */,
				84108177296ABB9D00724A0B /* GroceryCell.swift in Sources */,
				84108173296AB60E00724A0B /* SignUp.swift in Sources */,
				84108188296B80C800724A0B /* email+passValidation.swift in Sources */,
				84108175296ABB5600724A0B /* GroceryList.swift in Sources */,
				84AD1BEF296AA33E0002BA04 /* AppDelegate.swift in Sources */,
				84AD1BF1296AA33E0002BA04 /* SceneDelegate.swift in Sources */,
			);
			runOnlyForDeploymentPostprocessing = 0;
		};
/* End PBXSourcesBuildPhase section */

/* Begin PBXVariantGroup section */
		84AD1BF4296AA33E0002BA04 /* Main.storyboard */ = {
			isa = PBXVariantGroup;
			children = (
				84AD1BF5296AA33E0002BA04 /* Base */,
			);
			name = Main.storyboard;
			sourceTree = "<group>";
		};
		84AD1BF9296AA33F0002BA04 /* LaunchScreen.storyboard */ = {
			isa = PBXVariantGroup;
			children = (
				84AD1BFA296AA33F0002BA04 /* Base */,
			);
			name = LaunchScreen.storyboard;
			sourceTree = "<group>";
		};
/* End PBXVariantGroup section */

/* Begin XCBuildConfiguration section */
		84AD1BFD296AA33F0002BA04 /* Debug */ = {
			isa = XCBuildConfiguration;
			buildSettings = {
				ALWAYS_SEARCH_USER_PATHS = NO;
				CLANG_ANALYZER_NONNULL = YES;
				CLANG_ANALYZER_NUMBER_OBJECT_CONVERSION = YES_AGGRESSIVE;
				CLANG_CXX_LANGUAGE_STANDARD = "gnu++20";
				CLANG_ENABLE_MODULES = YES;
				CLANG_ENABLE_OBJC_ARC = YES;
				CLANG_ENABLE_OBJC_WEAK = YES;
				CLANG_WARN_BLOCK_CAPTURE_AUTORELEASING = YES;
				CLANG_WARN_BOOL_CONVERSION = YES;
				CLANG_WARN_COMMA = YES;
				CLANG_WARN_CONSTANT_CONVERSION = YES;
				CLANG_WARN_DEPRECATED_OBJC_IMPLEMENTATIONS = YES;
				CLANG_WARN_DIRECT_OBJC_ISA_USAGE = YES_ERROR;
				CLANG_WARN_DOCUMENTATION_COMMENTS = YES;
				CLANG_WARN_EMPTY_BODY = YES;
				CLANG_WARN_ENUM_CONVERSION = YES;
				CLANG_WARN_INFINITE_RECURSION = YES;
				CLANG_WARN_INT_CONVERSION = YES;
				CLANG_WARN_NON_LITERAL_NULL_CONVERSION = YES;
				CLANG_WARN_OBJC_IMPLICIT_RETAIN_SELF = YES;
				CLANG_WARN_OBJC_LITERAL_CONVERSION = YES;
				CLANG_WARN_OBJC_ROOT_CLASS = YES_ERROR;
				CLANG_WARN_QUOTED_INCLUDE_IN_FRAMEWORK_HEADER = YES;
				CLANG_WARN_RANGE_LOOP_ANALYSIS = YES;
				CLANG_WARN_STRICT_PROTOTYPES = YES;
				CLANG_WARN_SUSPICIOUS_MOVE = YES;
				CLANG_WARN_UNGUARDED_AVAILABILITY = YES_AGGRESSIVE;
				CLANG_WARN_UNREACHABLE_CODE = YES;
				CLANG_WARN__DUPLICATE_METHOD_MATCH = YES;
				COPY_PHASE_STRIP = NO;
				DEBUG_INFORMATION_FORMAT = dwarf;
				ENABLE_STRICT_OBJC_MSGSEND = YES;
				ENABLE_TESTABILITY = YES;
				GCC_C_LANGUAGE_STANDARD = gnu11;
				GCC_DYNAMIC_NO_PIC = NO;
				GCC_NO_COMMON_BLOCKS = YES;
				GCC_OPTIMIZATION_LEVEL = 0;
				GCC_PREPROCESSOR_DEFINITIONS = (
					"DEBUG=1",
					"$(inherited)",
				);
				GCC_WARN_64_TO_32_BIT_CONVERSION = YES;
				GCC_WARN_ABOUT_RETURN_TYPE = YES_ERROR;
				GCC_WARN_UNDECLARED_SELECTOR = YES;
				GCC_WARN_UNINITIALIZED_AUTOS = YES_AGGRESSIVE;
				GCC_WARN_UNUSED_FUNCTION = YES;
				GCC_WARN_UNUSED_VARIABLE = YES;
				IPHONEOS_DEPLOYMENT_TARGET = 16.2;
				MTL_ENABLE_DEBUG_INFO = INCLUDE_SOURCE;
				MTL_FAST_MATH = YES;
				ONLY_ACTIVE_ARCH = YES;
				SDKROOT = iphoneos;
				SWIFT_ACTIVE_COMPILATION_CONDITIONS = DEBUG;
				SWIFT_OPTIMIZATION_LEVEL = "-Onone";
			};
			name = Debug;
		};
		84AD1BFE296AA33F0002BA04 /* Release */ = {
			isa = XCBuildConfiguration;
			buildSettings = {
				ALWAYS_SEARCH_USER_PATHS = NO;
				CLANG_ANALYZER_NONNULL = YES;
				CLANG_ANALYZER_NUMBER_OBJECT_CONVERSION = YES_AGGRESSIVE;
				CLANG_CXX_LANGUAGE_STANDARD = "gnu++20";
				CLANG_ENABLE_MODULES = YES;
				CLANG_ENABLE_OBJC_ARC = YES;
				CLANG_ENABLE_OBJC_WEAK = YES;
				CLANG_WARN_BLOCK_CAPTURE_AUTORELEASING = YES;
				CLANG_WARN_BOOL_CONVERSION = YES;
				CLANG_WARN_COMMA = YES;
				CLANG_WARN_CONSTANT_CONVERSION = YES;
				CLANG_WARN_DEPRECATED_OBJC_IMPLEMENTATIONS = YES;
				CLANG_WARN_DIRECT_OBJC_ISA_USAGE = YES_ERROR;
				CLANG_WARN_DOCUMENTATION_COMMENTS = YES;
				CLANG_WARN_EMPTY_BODY = YES;
				CLANG_WARN_ENUM_CONVERSION = YES;
				CLANG_WARN_INFINITE_RECURSION = YES;
				CLANG_WARN_INT_CONVERSION = YES;
				CLANG_WARN_NON_LITERAL_NULL_CONVERSION = YES;
				CLANG_WARN_OBJC_IMPLICIT_RETAIN_SELF = YES;
				CLANG_WARN_OBJC_LITERAL_CONVERSION = YES;
				CLANG_WARN_OBJC_ROOT_CLASS = YES_ERROR;
				CLANG_WARN_QUOTED_INCLUDE_IN_FRAMEWORK_HEADER = YES;
				CLANG_WARN_RANGE_LOOP_ANALYSIS = YES;
				CLANG_WARN_STRICT_PROTOTYPES = YES;
				CLANG_WARN_SUSPICIOUS_MOVE = YES;
				CLANG_WARN_UNGUARDED_AVAILABILITY = YES_AGGRESSIVE;
				CLANG_WARN_UNREACHABLE_CODE = YES;
				CLANG_WARN__DUPLICATE_METHOD_MATCH = YES;
				COPY_PHASE_STRIP = NO;
				DEBUG_INFORMATION_FORMAT = "dwarf-with-dsym";
				ENABLE_NS_ASSERTIONS = NO;
				ENABLE_STRICT_OBJC_MSGSEND = YES;
				GCC_C_LANGUAGE_STANDARD = gnu11;
				GCC_NO_COMMON_BLOCKS = YES;
				GCC_WARN_64_TO_32_BIT_CONVERSION = YES;
				GCC_WARN_ABOUT_RETURN_TYPE = YES_ERROR;
				GCC_WARN_UNDECLARED_SELECTOR = YES;
				GCC_WARN_UNINITIALIZED_AUTOS = YES_AGGRESSIVE;
				GCC_WARN_UNUSED_FUNCTION = YES;
				GCC_WARN_UNUSED_VARIABLE = YES;
				IPHONEOS_DEPLOYMENT_TARGET = 16.2;
				MTL_ENABLE_DEBUG_INFO = NO;
				MTL_FAST_MATH = YES;
				SDKROOT = iphoneos;
				SWIFT_COMPILATION_MODE = wholemodule;
				SWIFT_OPTIMIZATION_LEVEL = "-O";
				VALIDATE_PRODUCT = YES;
			};
			name = Release;
		};
		84AD1C00296AA33F0002BA04 /* Debug */ = {
			isa = XCBuildConfiguration;
			buildSettings = {
				ASSETCATALOG_COMPILER_APPICON_NAME = AppIcon;
				ASSETCATALOG_COMPILER_GLOBAL_ACCENT_COLOR_NAME = AccentColor;
				CODE_SIGN_STYLE = Automatic;
				CURRENT_PROJECT_VERSION = 1;
				GENERATE_INFOPLIST_FILE = YES;
				INFOPLIST_FILE = GroceryList/Info.plist;
				INFOPLIST_KEY_UIApplicationSupportsIndirectInputEvents = YES;
				INFOPLIST_KEY_UILaunchStoryboardName = LaunchScreen;
				INFOPLIST_KEY_UIMainStoryboardFile = Main;
				INFOPLIST_KEY_UISupportedInterfaceOrientations_iPad = "UIInterfaceOrientationPortrait UIInterfaceOrientationPortraitUpsideDown UIInterfaceOrientationLandscapeLeft UIInterfaceOrientationLandscapeRight";
				INFOPLIST_KEY_UISupportedInterfaceOrientations_iPhone = "UIInterfaceOrientationPortrait UIInterfaceOrientationLandscapeLeft UIInterfaceOrientationLandscapeRight";
				LD_RUNPATH_SEARCH_PATHS = (
					"$(inherited)",
					"@executable_path/Frameworks",
				);
				MARKETING_VERSION = 1.0;
				PRODUCT_BUNDLE_IDENTIFIER = com.engtechh.GroceryList;
				PRODUCT_NAME = "$(TARGET_NAME)";
				SWIFT_EMIT_LOC_STRINGS = YES;
				SWIFT_VERSION = 5.0;
				TARGETED_DEVICE_FAMILY = "1,2";
			};
			name = Debug;
		};
		84AD1C01296AA33F0002BA04 /* Release */ = {
			isa = XCBuildConfiguration;
			buildSettings = {
				ASSETCATALOG_COMPILER_APPICON_NAME = AppIcon;
				ASSETCATALOG_COMPILER_GLOBAL_ACCENT_COLOR_NAME = AccentColor;
				CODE_SIGN_STYLE = Automatic;
				CURRENT_PROJECT_VERSION = 1;
				GENERATE_INFOPLIST_FILE = YES;
				INFOPLIST_FILE = GroceryList/Info.plist;
				INFOPLIST_KEY_UIApplicationSupportsIndirectInputEvents = YES;
				INFOPLIST_KEY_UILaunchStoryboardName = LaunchScreen;
				INFOPLIST_KEY_UIMainStoryboardFile = Main;
				INFOPLIST_KEY_UISupportedInterfaceOrientations_iPad = "UIInterfaceOrientationPortrait UIInterfaceOrientationPortraitUpsideDown UIInterfaceOrientationLandscapeLeft UIInterfaceOrientationLandscapeRight";
				INFOPLIST_KEY_UISupportedInterfaceOrientations_iPhone = "UIInterfaceOrientationPortrait UIInterfaceOrientationLandscapeLeft UIInterfaceOrientationLandscapeRight";
				LD_RUNPATH_SEARCH_PATHS = (
					"$(inherited)",
					"@executable_path/Frameworks",
				);
				MARKETING_VERSION = 1.0;
				PRODUCT_BUNDLE_IDENTIFIER = com.engtechh.GroceryList;
				PRODUCT_NAME = "$(TARGET_NAME)";
				SWIFT_EMIT_LOC_STRINGS = YES;
				SWIFT_VERSION = 5.0;
				TARGETED_DEVICE_FAMILY = "1,2";
			};
			name = Release;
		};
/* End XCBuildConfiguration section */

/* Begin XCConfigurationList section */
		84AD1BE6296AA33D0002BA04 /* Build configuration list for PBXProject "GroceryList" */ = {
			isa = XCConfigurationList;
			buildConfigurations = (
				84AD1BFD296AA33F0002BA04 /* Debug */,
				84AD1BFE296AA33F0002BA04 /* Release */,
			);
			defaultConfigurationIsVisible = 0;
			defaultConfigurationName = Release;
		};
		84AD1BFF296AA33F0002BA04 /* Build configuration list for PBXNativeTarget "GroceryList" */ = {
			isa = XCConfigurationList;
			buildConfigurations = (
				84AD1C00296AA33F0002BA04 /* Debug */,
				84AD1C01296AA33F0002BA04 /* Release */,
			);
			defaultConfigurationIsVisible = 0;
			defaultConfigurationName = Release;
		};
/* End XCConfigurationList section */

/* Begin XCRemoteSwiftPackageReference section */
		84108180296AD95A00724A0B /* XCRemoteSwiftPackageReference "firebase-ios-sdk" */ = {
			isa = XCRemoteSwiftPackageReference;
			repositoryURL = "https://github.com/firebase/firebase-ios-sdk";
			requirement = {
				kind = exactVersion;
				version = 9.6.0;
			};
		};
/* End XCRemoteSwiftPackageReference section */

/* Begin XCSwiftPackageProductDependency section */
		84108181296AD95A00724A0B /* FirebaseAuth */ = {
			isa = XCSwiftPackageProductDependency;
			package = 84108180296AD95A00724A0B /* XCRemoteSwiftPackageReference "firebase-ios-sdk" */;
			productName = FirebaseAuth;
		};
		84108183296AD95A00724A0B /* FirebaseDatabase */ = {
			isa = XCSwiftPackageProductDependency;
			package = 84108180296AD95A00724A0B /* XCRemoteSwiftPackageReference "firebase-ios-sdk" */;
			productName = FirebaseDatabase;
		};
/* End XCSwiftPackageProductDependency section */
	};
	rootObject = 84AD1BE3296AA33D0002BA04 /* Project object */;
}
